// !$*UTF8*$!
{
	archiveVersion = 1;
	classes = {
	};
	objectVersion = 55;
	objects = {

/* Begin PBXBuildFile section */
		A809C6042792B1C300891C31 /* AppDelegate.swift in Sources */ = {isa = PBXBuildFile; fileRef = A809C6032792B1C300891C31 /* AppDelegate.swift */; };
		A809C6062792B1C300891C31 /* SceneDelegate.swift in Sources */ = {isa = PBXBuildFile; fileRef = A809C6052792B1C300891C31 /* SceneDelegate.swift */; };
		A809C60B2792B1C300891C31 /* Main.storyboard in Resources */ = {isa = PBXBuildFile; fileRef = A809C6092792B1C300891C31 /* Main.storyboard */; };
		A809C60D2792B1C400891C31 /* Assets.xcassets in Resources */ = {isa = PBXBuildFile; fileRef = A809C60C2792B1C400891C31 /* Assets.xcassets */; };
		A809C6102792B1C400891C31 /* LaunchScreen.storyboard in Resources */ = {isa = PBXBuildFile; fileRef = A809C60E2792B1C400891C31 /* LaunchScreen.storyboard */; };
		A86EC2E927C4AEE700F5573C /* Shapes.swift in Sources */ = {isa = PBXBuildFile; fileRef = A86EC2E827C4AEE700F5573C /* Shapes.swift */; };
		A86EC2EB27C4AEF800F5573C /* Cards.swift in Sources */ = {isa = PBXBuildFile; fileRef = A86EC2EA27C4AEF800F5573C /* Cards.swift */; };
		A86EC2EF27C4B0D400F5573C /* BoardGame ControllerViewController.swift in Sources */ = {isa = PBXBuildFile; fileRef = A86EC2EE27C4B0D400F5573C /* BoardGame ControllerViewController.swift */; };
		A86EC2F227C4B20300F5573C /* Card.swift in Sources */ = {isa = PBXBuildFile; fileRef = A86EC2F127C4B20300F5573C /* Card.swift */; };
		A86EC2F427C4B35500F5573C /* Game.swift in Sources */ = {isa = PBXBuildFile; fileRef = A86EC2F327C4B35500F5573C /* Game.swift */; };
		A86EC2F727C4BE0D00F5573C /* CardViewFactory.swift in Sources */ = {isa = PBXBuildFile; fileRef = A86EC2F627C4BE0D00F5573C /* CardViewFactory.swift */; };
/* End PBXBuildFile section */

/* Begin PBXFileReference section */
		A809C6002792B1C300891C31 /* Cards.app */ = {isa = PBXFileReference; explicitFileType = wrapper.application; includeInIndex = 0; path = Cards.app; sourceTree = BUILT_PRODUCTS_DIR; };
		A809C6032792B1C300891C31 /* AppDelegate.swift */ = {isa = PBXFileReference; lastKnownFileType = sourcecode.swift; path = AppDelegate.swift; sourceTree = "<group>"; };
		A809C6052792B1C300891C31 /* SceneDelegate.swift */ = {isa = PBXFileReference; lastKnownFileType = sourcecode.swift; path = SceneDelegate.swift; sourceTree = "<group>"; };
		A809C60A2792B1C300891C31 /* Base */ = {isa = PBXFileReference; lastKnownFileType = file.storyboard; name = Base; path = Base.lproj/Main.storyboard; sourceTree = "<group>"; };
		A809C60C2792B1C400891C31 /* Assets.xcassets */ = {isa = PBXFileReference; lastKnownFileType = folder.assetcatalog; path = Assets.xcassets; sourceTree = "<group>"; };
		A809C60F2792B1C400891C31 /* Base */ = {isa = PBXFileReference; lastKnownFileType = file.storyboard; name = Base; path = Base.lproj/LaunchScreen.storyboard; sourceTree = "<group>"; };
		A809C6112792B1C400891C31 /* Info.plist */ = {isa = PBXFileReference; lastKnownFileType = text.plist.xml; path = Info.plist; sourceTree = "<group>"; };
		A86EC2E827C4AEE700F5573C /* Shapes.swift */ = {isa = PBXFileReference; lastKnownFileType = sourcecode.swift; path = Shapes.swift; sourceTree = "<group>"; };
		A86EC2EA27C4AEF800F5573C /* Cards.swift */ = {isa = PBXFileReference; lastKnownFileType = sourcecode.swift; path = Cards.swift; sourceTree = "<group>"; };
		A86EC2EE27C4B0D400F5573C /* BoardGame ControllerViewController.swift */ = {isa = PBXFileReference; lastKnownFileType = sourcecode.swift; path = "BoardGame ControllerViewController.swift"; sourceTree = "<group>"; };
		A86EC2F127C4B20300F5573C /* Card.swift */ = {isa = PBXFileReference; lastKnownFileType = sourcecode.swift; path = Card.swift; sourceTree = "<group>"; };
		A86EC2F327C4B35500F5573C /* Game.swift */ = {isa = PBXFileReference; lastKnownFileType = sourcecode.swift; path = Game.swift; sourceTree = "<group>"; };
		A86EC2F627C4BE0D00F5573C /* CardViewFactory.swift */ = {isa = PBXFileReference; lastKnownFileType = sourcecode.swift; path = CardViewFactory.swift; sourceTree = "<group>"; };
/* End PBXFileReference section */

/* Begin PBXFrameworksBuildPhase section */
		A809C5FD2792B1C300891C31 /* Frameworks */ = {
			isa = PBXFrameworksBuildPhase;
			buildActionMask = 2147483647;
			files = (
			);
			runOnlyForDeploymentPostprocessing = 0;
		};
/* End PBXFrameworksBuildPhase section */

/* Begin PBXGroup section */
		A809C5F72792B1C300891C31 = {
			isa = PBXGroup;
			children = (
				A86EC2F527C4BDF300F5573C /* Helpers */,
				A86EC2F027C4B11800F5573C /* Model */,
				A86EC2ED27C4B09800F5573C /* Controller */,
				A86EC2E727C4AEB700F5573C /* View */,
				A809C6022792B1C300891C31 /* Cards */,
				A809C6012792B1C300891C31 /* Products */,
			);
			sourceTree = "<group>";
		};
		A809C6012792B1C300891C31 /* Products */ = {
			isa = PBXGroup;
			children = (
				A809C6002792B1C300891C31 /* Cards.app */,
			);
			name = Products;
			sourceTree = "<group>";
		};
		A809C6022792B1C300891C31 /* Cards */ = {
			isa = PBXGroup;
			children = (
				A809C6032792B1C300891C31 /* AppDelegate.swift */,
				A809C6052792B1C300891C31 /* SceneDelegate.swift */,
				A809C60C2792B1C400891C31 /* Assets.xcassets */,
				A809C60E2792B1C400891C31 /* LaunchScreen.storyboard */,
				A809C6112792B1C400891C31 /* Info.plist */,
			);
			path = Cards;
			sourceTree = "<group>";
		};
		A86EC2E727C4AEB700F5573C /* View */ = {
			isa = PBXGroup;
			children = (
				A86EC2EC27C4B05D00F5573C /* Storyboards */,
				A86EC2E827C4AEE700F5573C /* Shapes.swift */,
				A86EC2EA27C4AEF800F5573C /* Cards.swift */,
			);
			path = View;
			sourceTree = "<group>";
		};
		A86EC2EC27C4B05D00F5573C /* Storyboards */ = {
			isa = PBXGroup;
			children = (
				A809C6092792B1C300891C31 /* Main.storyboard */,
			);
			path = Storyboards;
			sourceTree = "<group>";
		};
		A86EC2ED27C4B09800F5573C /* Controller */ = {
			isa = PBXGroup;
			children = (
				A86EC2EE27C4B0D400F5573C /* BoardGame ControllerViewController.swift */,
			);
			path = Controller;
			sourceTree = "<group>";
		};
		A86EC2F027C4B11800F5573C /* Model */ = {
			isa = PBXGroup;
			children = (
				A86EC2F127C4B20300F5573C /* Card.swift */,
				A86EC2F327C4B35500F5573C /* Game.swift */,
			);
			path = Model;
			sourceTree = "<group>";
		};
		A86EC2F527C4BDF300F5573C /* Helpers */ = {
			isa = PBXGroup;
			children = (
				A86EC2F627C4BE0D00F5573C /* CardViewFactory.swift */,
			);
			path = Helpers;
			sourceTree = "<group>";
		};
/* End PBXGroup section */

/* Begin PBXNativeTarget section */
		A809C5FF2792B1C300891C31 /* Cards */ = {
			isa = PBXNativeTarget;
			buildConfigurationList = A809C6142792B1C400891C31 /* Build configuration list for PBXNativeTarget "Cards" */;
			buildPhases = (
				A809C5FC2792B1C300891C31 /* Sources */,
				A809C5FD2792B1C300891C31 /* Frameworks */,
				A809C5FE2792B1C300891C31 /* Resources */,
			);
			buildRules = (
			);
			dependencies = (
			);
			name = Cards;
			productName = Cards;
			productReference = A809C6002792B1C300891C31 /* Cards.app */;
			productType = "com.apple.product-type.application";
		};
/* End PBXNativeTarget section */

/* Begin PBXProject section */
		A809C5F82792B1C300891C31 /* Project object */ = {
			isa = PBXProject;
			attributes = {
				BuildIndependentTargetsInParallel = 1;
				LastSwiftUpdateCheck = 1320;
				LastUpgradeCheck = 1320;
				TargetAttributes = {
					A809C5FF2792B1C300891C31 = {
						CreatedOnToolsVersion = 13.2.1;
					};
				};
			};
			buildConfigurationList = A809C5FB2792B1C300891C31 /* Build configuration list for PBXProject "Cards" */;
			compatibilityVersion = "Xcode 13.0";
			developmentRegion = en;
			hasScannedForEncodings = 0;
			knownRegions = (
				en,
				Base,
			);
			mainGroup = A809C5F72792B1C300891C31;
			productRefGroup = A809C6012792B1C300891C31 /* Products */;
			projectDirPath = "";
			projectRoot = "";
			targets = (
				A809C5FF2792B1C300891C31 /* Cards */,
			);
		};
/* End PBXProject section */

/* Begin PBXResourcesBuildPhase section */
		A809C5FE2792B1C300891C31 /* Resources */ = {
			isa = PBXResourcesBuildPhase;
			buildActionMask = 2147483647;
			files = (
				A809C6102792B1C400891C31 /* LaunchScreen.storyboard in Resources */,
				A809C60D2792B1C400891C31 /* Assets.xcassets in Resources */,
				A809C60B2792B1C300891C31 /* Main.storyboard in Resources */,
			);
			runOnlyForDeploymentPostprocessing = 0;
		};
/* End PBXResourcesBuildPhase section */

/* Begin PBXSourcesBuildPhase section */
		A809C5FC2792B1C300891C31 /* Sources */ = {
			isa = PBXSourcesBuildPhase;
			buildActionMask = 2147483647;
			files = (
				A86EC2EB27C4AEF800F5573C /* Cards.swift in Sources */,
				A86EC2F227C4B20300F5573C /* Card.swift in Sources */,
				A86EC2F427C4B35500F5573C /* Game.swift in Sources */,
				A809C6042792B1C300891C31 /* AppDelegate.swift in Sources */,
				A809C6062792B1C300891C31 /* SceneDelegate.swift in Sources */,
				A86EC2F727C4BE0D00F5573C /* CardViewFactory.swift in Sources */,
				A86EC2EF27C4B0D400F5573C /* BoardGame ControllerViewController.swift in Sources */,
				A86EC2E927C4AEE700F5573C /* Shapes.swift in Sources */,
			);
			runOnlyForDeploymentPostprocessing = 0;
		};
/* End PBXSourcesBuildPhase section */

/* Begin PBXVariantGroup section */
		A809C6092792B1C300891C31 /* Main.storyboard */ = {
			isa = PBXVariantGroup;
			children = (
				A809C60A2792B1C300891C31 /* Base */,
			);
			name = Main.storyboard;
			sourceTree = "<group>";
		};
		A809C60E2792B1C400891C31 /* LaunchScreen.storyboard */ = {
			isa = PBXVariantGroup;
			children = (
				A809C60F2792B1C400891C31 /* Base */,
			);
			name = LaunchScreen.storyboard;
			sourceTree = "<group>";
		};
/* End PBXVariantGroup section */

/* Begin XCBuildConfiguration section */
		A809C6122792B1C400891C31 /* Debug */ = {
			isa = XCBuildConfiguration;
			buildSettings = {
				ALWAYS_SEARCH_USER_PATHS = NO;
				CLANG_ANALYZER_NONNULL = YES;
				CLANG_ANALYZER_NUMBER_OBJECT_CONVERSION = YES_AGGRESSIVE;
				CLANG_CXX_LANGUAGE_STANDARD = "gnu++17";
				CLANG_CXX_LIBRARY = "libc++";
				CLANG_ENABLE_MODULES = YES;
				CLANG_ENABLE_OBJC_ARC = YES;
				CLANG_ENABLE_OBJC_WEAK = YES;
				CLANG_WARN_BLOCK_CAPTURE_AUTORELEASING = YES;
				CLANG_WARN_BOOL_CONVERSION = YES;
				CLANG_WARN_COMMA = YES;
				CLANG_WARN_CONSTANT_CONVERSION = YES;
				CLANG_WARN_DEPRECATED_OBJC_IMPLEMENTATIONS = YES;
				CLANG_WARN_DIRECT_OBJC_ISA_USAGE = YES_ERROR;
				CLANG_WARN_DOCUMENTATION_COMMENTS = YES;
				CLANG_WARN_EMPTY_BODY = YES;
				CLANG_WARN_ENUM_CONVERSION = YES;
				CLANG_WARN_INFINITE_RECURSION = YES;
				CLANG_WARN_INT_CONVERSION = YES;
				CLANG_WARN_NON_LITERAL_NULL_CONVERSION = YES;
				CLANG_WARN_OBJC_IMPLICIT_RETAIN_SELF = YES;
				CLANG_WARN_OBJC_LITERAL_CONVERSION = YES;
				CLANG_WARN_OBJC_ROOT_CLASS = YES_ERROR;
				CLANG_WARN_QUOTED_INCLUDE_IN_FRAMEWORK_HEADER = YES;
				CLANG_WARN_RANGE_LOOP_ANALYSIS = YES;
				CLANG_WARN_STRICT_PROTOTYPES = YES;
				CLANG_WARN_SUSPICIOUS_MOVE = YES;
				CLANG_WARN_UNGUARDED_AVAILABILITY = YES_AGGRESSIVE;
				CLANG_WARN_UNREACHABLE_CODE = YES;
				CLANG_WARN__DUPLICATE_METHOD_MATCH = YES;
				COPY_PHASE_STRIP = NO;
				DEBUG_INFORMATION_FORMAT = dwarf;
				ENABLE_STRICT_OBJC_MSGSEND = YES;
				ENABLE_TESTABILITY = YES;
				GCC_C_LANGUAGE_STANDARD = gnu11;
				GCC_DYNAMIC_NO_PIC = NO;
				GCC_NO_COMMON_BLOCKS = YES;
				GCC_OPTIMIZATION_LEVEL = 0;
				GCC_PREPROCESSOR_DEFINITIONS = (
					"DEBUG=1",
					"$(inherited)",
				);
				GCC_WARN_64_TO_32_BIT_CONVERSION = YES;
				GCC_WARN_ABOUT_RETURN_TYPE = YES_ERROR;
				GCC_WARN_UNDECLARED_SELECTOR = YES;
				GCC_WARN_UNINITIALIZED_AUTOS = YES_AGGRESSIVE;
				GCC_WARN_UNUSED_FUNCTION = YES;
				GCC_WARN_UNUSED_VARIABLE = YES;
				IPHONEOS_DEPLOYMENT_TARGET = 15.2;
				MTL_ENABLE_DEBUG_INFO = INCLUDE_SOURCE;
				MTL_FAST_MATH = YES;
				ONLY_ACTIVE_ARCH = YES;
				SDKROOT = iphoneos;
				SWIFT_ACTIVE_COMPILATION_CONDITIONS = DEBUG;
				SWIFT_OPTIMIZATION_LEVEL = "-Onone";
			};
			name = Debug;
		};
		A809C6132792B1C400891C31 /* Release */ = {
			isa = XCBuildConfiguration;
			buildSettings = {
				ALWAYS_SEARCH_USER_PATHS = NO;
				CLANG_ANALYZER_NONNULL = YES;
				CLANG_ANALYZER_NUMBER_OBJECT_CONVERSION = YES_AGGRESSIVE;
				CLANG_CXX_LANGUAGE_STANDARD = "gnu++17";
				CLANG_CXX_LIBRARY = "libc++";
				CLANG_ENABLE_MODULES = YES;
				CLANG_ENABLE_OBJC_ARC = YES;
				CLANG_ENABLE_OBJC_WEAK = YES;
				CLANG_WARN_BLOCK_CAPTURE_AUTORELEASING = YES;
				CLANG_WARN_BOOL_CONVERSION = YES;
				CLANG_WARN_COMMA = YES;
				CLANG_WARN_CONSTANT_CONVERSION = YES;
				CLANG_WARN_DEPRECATED_OBJC_IMPLEMENTATIONS = YES;
				CLANG_WARN_DIRECT_OBJC_ISA_USAGE = YES_ERROR;
				CLANG_WARN_DOCUMENTATION_COMMENTS = YES;
				CLANG_WARN_EMPTY_BODY = YES;
				CLANG_WARN_ENUM_CONVERSION = YES;
				CLANG_WARN_INFINITE_RECURSION = YES;
				CLANG_WARN_INT_CONVERSION = YES;
				CLANG_WARN_NON_LITERAL_NULL_CONVERSION = YES;
				CLANG_WARN_OBJC_IMPLICIT_RETAIN_SELF = YES;
				CLANG_WARN_OBJC_LITERAL_CONVERSION = YES;
				CLANG_WARN_OBJC_ROOT_CLASS = YES_ERROR;
				CLANG_WARN_QUOTED_INCLUDE_IN_FRAMEWORK_HEADER = YES;
				CLANG_WARN_RANGE_LOOP_ANALYSIS = YES;
				CLANG_WARN_STRICT_PROTOTYPES = YES;
				CLANG_WARN_SUSPICIOUS_MOVE = YES;
				CLANG_WARN_UNGUARDED_AVAILABILITY = YES_AGGRESSIVE;
				CLANG_WARN_UNREACHABLE_CODE = YES;
				CLANG_WARN__DUPLICATE_METHOD_MATCH = YES;
				COPY_PHASE_STRIP = NO;
				DEBUG_INFORMATION_FORMAT = "dwarf-with-dsym";
				ENABLE_NS_ASSERTIONS = NO;
				ENABLE_STRICT_OBJC_MSGSEND = YES;
				GCC_C_LANGUAGE_STANDARD = gnu11;
				GCC_NO_COMMON_BLOCKS = YES;
				GCC_WARN_64_TO_32_BIT_CONVERSION = YES;
				GCC_WARN_ABOUT_RETURN_TYPE = YES_ERROR;
				GCC_WARN_UNDECLARED_SELECTOR = YES;
				GCC_WARN_UNINITIALIZED_AUTOS = YES_AGGRESSIVE;
				GCC_WARN_UNUSED_FUNCTION = YES;
				GCC_WARN_UNUSED_VARIABLE = YES;
				IPHONEOS_DEPLOYMENT_TARGET = 15.2;
				MTL_ENABLE_DEBUG_INFO = NO;
				MTL_FAST_MATH = YES;
				SDKROOT = iphoneos;
				SWIFT_COMPILATION_MODE = wholemodule;
				SWIFT_OPTIMIZATION_LEVEL = "-O";
				VALIDATE_PRODUCT = YES;
			};
			name = Release;
		};
		A809C6152792B1C400891C31 /* Debug */ = {
			isa = XCBuildConfiguration;
			buildSettings = {
				ASSETCATALOG_COMPILER_APPICON_NAME = AppIcon;
				ASSETCATALOG_COMPILER_GLOBAL_ACCENT_COLOR_NAME = AccentColor;
				CODE_SIGN_STYLE = Automatic;
				CURRENT_PROJECT_VERSION = 1;
				DEVELOPMENT_TEAM = F554D7F6K4;
				GENERATE_INFOPLIST_FILE = YES;
				INFOPLIST_FILE = Cards/Info.plist;
				INFOPLIST_KEY_UIApplicationSupportsIndirectInputEvents = YES;
				INFOPLIST_KEY_UILaunchStoryboardName = LaunchScreen;
				INFOPLIST_KEY_UIMainStoryboardFile = Main;
				INFOPLIST_KEY_UISupportedInterfaceOrientations_iPad = "UIInterfaceOrientationPortrait UIInterfaceOrientationPortraitUpsideDown UIInterfaceOrientationLandscapeLeft UIInterfaceOrientationLandscapeRight";
				INFOPLIST_KEY_UISupportedInterfaceOrientations_iPhone = "UIInterfaceOrientationPortrait UIInterfaceOrientationLandscapeLeft UIInterfaceOrientationLandscapeRight";
				LD_RUNPATH_SEARCH_PATHS = (
					"$(inherited)",
					"@executable_path/Frameworks",
				);
				MARKETING_VERSION = 1.0;
				PRODUCT_BUNDLE_IDENTIFIER = com.Platon.Cards;
				PRODUCT_NAME = "$(TARGET_NAME)";
				SWIFT_EMIT_LOC_STRINGS = YES;
				SWIFT_VERSION = 5.0;
				TARGETED_DEVICE_FAMILY = "1,2";
			};
			name = Debug;
		};
		A809C6162792B1C400891C31 /* Release */ = {
			isa = XCBuildConfiguration;
			buildSettings = {
				ASSETCATALOG_COMPILER_APPICON_NAME = AppIcon;
				ASSETCATALOG_COMPILER_GLOBAL_ACCENT_COLOR_NAME = AccentColor;
				CODE_SIGN_STYLE = Automatic;
				CURRENT_PROJECT_VERSION = 1;
				DEVELOPMENT_TEAM = F554D7F6K4;
				GENERATE_INFOPLIST_FILE = YES;
				INFOPLIST_FILE = Cards/Info.plist;
				INFOPLIST_KEY_UIApplicationSupportsIndirectInputEvents = YES;
				INFOPLIST_KEY_UILaunchStoryboardName = LaunchScreen;
				INFOPLIST_KEY_UIMainStoryboardFile = Main;
				INFOPLIST_KEY_UISupportedInterfaceOrientations_iPad = "UIInterfaceOrientationPortrait UIInterfaceOrientationPortraitUpsideDown UIInterfaceOrientationLandscapeLeft UIInterfaceOrientationLandscapeRight";
				INFOPLIST_KEY_UISupportedInterfaceOrientations_iPhone = "UIInterfaceOrientationPortrait UIInterfaceOrientationLandscapeLeft UIInterfaceOrientationLandscapeRight";
				LD_RUNPATH_SEARCH_PATHS = (
					"$(inherited)",
					"@executable_path/Frameworks",
				);
				MARKETING_VERSION = 1.0;
				PRODUCT_BUNDLE_IDENTIFIER = com.Platon.Cards;
				PRODUCT_NAME = "$(TARGET_NAME)";
				SWIFT_EMIT_LOC_STRINGS = YES;
				SWIFT_VERSION = 5.0;
				TARGETED_DEVICE_FAMILY = "1,2";
			};
			name = Release;
		};
/* End XCBuildConfiguration section */

/* Begin XCConfigurationList section */
		A809C5FB2792B1C300891C31 /* Build configuration list for PBXProject "Cards" */ = {
			isa = XCConfigurationList;
			buildConfigurations = (
				A809C6122792B1C400891C31 /* Debug */,
				A809C6132792B1C400891C31 /* Release */,
			);
			defaultConfigurationIsVisible = 0;
			defaultConfigurationName = Release;
		};
		A809C6142792B1C400891C31 /* Build configuration list for PBXNativeTarget "Cards" */ = {
			isa = XCConfigurationList;
			buildConfigurations = (
				A809C6152792B1C400891C31 /* Debug */,
				A809C6162792B1C400891C31 /* Release */,
			);
			defaultConfigurationIsVisible = 0;
			defaultConfigurationName = Release;
		};
/* End XCConfigurationList section */
	};
	rootObject = A809C5F82792B1C300891C31 /* Project object */;
}
